// !$*UTF8*$!
{
	archiveVersion = 1;
	classes = {
	};
	objectVersion = 56;
	objects = {

/* Begin PBXBuildFile section */
		035FE83897F1B5D000524BF5 /* SolvePlan.swift in Sources */ = {isa = PBXBuildFile; fileRef = 63CF2DD836F6350EEB95E633 /* SolvePlan.swift */; };
		0FE0C58EFD59BEA9F814F50A /* Assets.xcassets in Resources */ = {isa = PBXBuildFile; fileRef = D713469F5B32ED43EDD0BC4A /* Assets.xcassets */; };
		1B6E4662A102A3A81FC63B71 /* CubeSlots.swift in Sources */ = {isa = PBXBuildFile; fileRef = DF9A6AC41D172AD267983AC1 /* CubeSlots.swift */; };
		21AA4A46195907AB44EFCDC0 /* CameraController.swift in Sources */ = {isa = PBXBuildFile; fileRef = F399168BC23552D0FC060EFF /* CameraController.swift */; };
		22D885D3728B25661522B651 /* GANProtocol.swift in Sources */ = {isa = PBXBuildFile; fileRef = 84E6B692A62E5ABA18A14CC6 /* GANProtocol.swift */; };
		24AAC608DB84298F797F3761 /* SmartCubeView.swift in Sources */ = {isa = PBXBuildFile; fileRef = 476919CD151A40195B54EC07 /* SmartCubeView.swift */; };
		2B728DF2F9039EFDCCA5089D /* Narrator.swift in Sources */ = {isa = PBXBuildFile; fileRef = 7D5A45F0E6DCBAF7B49C6C04 /* Narrator.swift */; };
		2BA8066DF460168BB4097223 /* CubeSceneController.swift in Sources */ = {isa = PBXBuildFile; fileRef = DC2657C05C5AD613137128D9 /* CubeSceneController.swift */; };
		2BE804C6AF83604664BAEB9D /* Face.swift in Sources */ = {isa = PBXBuildFile; fileRef = 2B4E00C3AA28858792DE38F3 /* Face.swift */; };
		306DD493E69E23D4D3793260 /* SolveView.swift in Sources */ = {isa = PBXBuildFile; fileRef = 38A7038D38EDDE3F7DA51786 /* SolveView.swift */; };
		5520C985203BA8583BEED5EF /* Move.swift in Sources */ = {isa = PBXBuildFile; fileRef = 9A594E3A54D5E7A7DEEC8548 /* Move.swift */; };
		57732671802363788CA660A6 /* RootView.swift in Sources */ = {isa = PBXBuildFile; fileRef = D77890BBC4C57F852B1108BD /* RootView.swift */; };
		5FB73A3B48B8604118F3845B /* CubeNetView.swift in Sources */ = {isa = PBXBuildFile; fileRef = 6BB5B45E90AD13861C5F082F /* CubeNetView.swift */; };
		67F39AC91D3B1D10C20F4BAA /* MoveNarration.swift in Sources */ = {isa = PBXBuildFile; fileRef = 676163BE5B36C8F86A0A9D11 /* MoveNarration.swift */; };
		74B08999ACDBAEF67F2DA85C /* CubeColour.swift in Sources */ = {isa = PBXBuildFile; fileRef = 149AD7FB4216EBA091B703A9 /* CubeColour.swift */; };
		809ED5C34FBAF34B67A397E1 /* CubeFold.swift in Sources */ = {isa = PBXBuildFile; fileRef = 413DFAFD930F1981D4E42D42 /* CubeFold.swift */; };
		89BB3B5CFB731D39C56C9261 /* CubeSceneView.swift in Sources */ = {isa = PBXBuildFile; fileRef = 0E58FFEF9982AE19064EB498 /* CubeSceneView.swift */; };
		8C3C5F5596FB7BDC5AC74A91 /* BeginnerSolver.swift in Sources */ = {isa = PBXBuildFile; fileRef = FEB931EE64270630A7A91C1F /* BeginnerSolver.swift */; };
		92E89C7F66F8C8D49AB34512 /* Vec3.swift in Sources */ = {isa = PBXBuildFile; fileRef = 9851519D3EB6A407A324DD9C /* Vec3.swift */; };
		944D79816BF6E826C465B073 /* ReadyView.swift in Sources */ = {isa = PBXBuildFile; fileRef = D229CF9C00BAD3B49258385F /* ReadyView.swift */; };
		9BAF7F2543F0DE8D0E9B10CD /* SmartCubeManager.swift in Sources */ = {isa = PBXBuildFile; fileRef = 95E9391C2845E163FEC81558 /* SmartCubeManager.swift */; };
		9CD1C7B937CA888CF8E20949 /* SolverTests.swift in Sources */ = {isa = PBXBuildFile; fileRef = 925DB0C87891C6595AB34587 /* SolverTests.swift */; };
		A3F07FF98B085FE302539BA6 /* NoobCubeApp.swift in Sources */ = {isa = PBXBuildFile; fileRef = B16CC27BCF1F5035FD2F10B9 /* NoobCubeApp.swift */; };
		A4C0A17FB6E7BF9F91F0DA57 /* TurnArrow.swift in Sources */ = {isa = PBXBuildFile; fileRef = EE00F438A059B494C2BD33DE /* TurnArrow.swift */; };
		A61752CD8D85A17847C8D41F /* ScanCoordinator.swift in Sources */ = {isa = PBXBuildFile; fileRef = 46830E78D947520DF14AA497 /* ScanCoordinator.swift */; };
		AF8EEDE82EB1D9118586AF86 /* AppModel.swift in Sources */ = {isa = PBXBuildFile; fileRef = A3E2E8C27005A4BAE0777660 /* AppModel.swift */; };
		B2A1AD8721A3D91BED005268 /* ColourClassifier.swift in Sources */ = {isa = PBXBuildFile; fileRef = 66D93017330A460C5A222D0E /* ColourClassifier.swift */; };
		B8E9A505B6BBC962D0C857FB /* MoveGeometry.swift in Sources */ = {isa = PBXBuildFile; fileRef = 0CF021E04B0FBA97ED3CF769 /* MoveGeometry.swift */; };
		BEC300E94649796F2D254C22 /* MoveStripView.swift in Sources */ = {isa = PBXBuildFile; fileRef = D975030C1F0F281F3C3EA195 /* MoveStripView.swift */; };
		D6A5DDE109CFD9A5F6622B42 /* CubeGeometry.swift in Sources */ = {isa = PBXBuildFile; fileRef = C38FAB8D10784EABD39536D4 /* CubeGeometry.swift */; };
		D8F3BDA9C237A6A2F1AC8E70 /* GANMessageDecoder.swift in Sources */ = {isa = PBXBuildFile; fileRef = 76CE2838A0927B121B9D3AF1 /* GANMessageDecoder.swift */; };
		D9B161FAC0B13799E07BBB32 /* SolveSession.swift in Sources */ = {isa = PBXBuildFile; fileRef = 5791589441A33837AC678DFA /* SolveSession.swift */; };
		DD978E0946731F10995AE836 /* Theme.swift in Sources */ = {isa = PBXBuildFile; fileRef = 71119818B48348D2BB721841 /* Theme.swift */; };
		DF45075644721EFDB6F4BD0A /* ScanView.swift in Sources */ = {isa = PBXBuildFile; fileRef = 68336AFE4033DAE238A65D20 /* ScanView.swift */; };
		EAD1339D85CC420C44848D88 /* Brand.swift in Sources */ = {isa = PBXBuildFile; fileRef = F59093F1824788EB7311DCFB /* Brand.swift */; };
		F611560A4F0168608B4E8F2E /* CubeEngineTests.swift in Sources */ = {isa = PBXBuildFile; fileRef = F0212F177FA7DCB719AFA6AF /* CubeEngineTests.swift */; };
		F72DA1E42A8341190A0CA93C /* CubeState.swift in Sources */ = {isa = PBXBuildFile; fileRef = CEB83F5C22B7F2D17748AFB9 /* CubeState.swift */; };
		FC51A77DFFF24D651AB4DB32 /* ScanTests.swift in Sources */ = {isa = PBXBuildFile; fileRef = A6BF8EA82D22B0FDD53C446C /* ScanTests.swift */; };
		70BDA317803AFA34F5D07137 = {isa = PBXBuildFile; fileRef = 9599B9215F8DC0FC51A7A95C; };
		6C2A6A7A38B199E52FFF35B4 = {isa = PBXBuildFile; fileRef = E1C3AD996FD4FF070A61E079; };
		E34560B5AC9B96ACB4259B9E = {isa = PBXBuildFile; fileRef = B927E8B62A8D208A84979FB6; };
		EEF9AF9EFB0A7A2EB2F9E954 = {isa = PBXBuildFile; fileRef = 6BEB24798A2D0DEAB288070A; };
		55BB87842B3FE64420CC6E2A = {isa = PBXBuildFile; fileRef = 2CB8ABBE97ECC7DBA44FEF31; };
		19A106E97D3AD1DEA3726B55 = {isa = PBXBuildFile; fileRef = 6CF8DFCB545CEF3BE984C198; };
		B86B7592733FD9D7C7686F42 = {isa = PBXBuildFile; fileRef = 371793A352BB06B90F08D827; };
		DCD88F911A5534E1D24AA251 = {isa = PBXBuildFile; fileRef = 3D7EDCFB0475A1E69EC17AEE; };
		7BEF05C292647D872D265FDB = {isa = PBXBuildFile; fileRef = 77C1F26B91CF691DB5CB5A1B; };
/* End PBXBuildFile section */

/* Begin PBXContainerItemProxy section */
		D36D33020B6BB89396BD1B34 /* PBXContainerItemProxy */ = {
			isa = PBXContainerItemProxy;
			containerPortal = 98F54143AB4E86B28C3AFEE0 /* Project object */;
			proxyType = 1;
			remoteGlobalIDString = 29C7B681C8D62CBAC94D51C0;
			remoteInfo = NoobCube;
		};
/* End PBXContainerItemProxy section */

/* Begin PBXFileReference section */
		0CF021E04B0FBA97ED3CF769 /* MoveGeometry.swift */ = {isa = PBXFileReference; lastKnownFileType = sourcecode.swift; path = MoveGeometry.swift; sourceTree = "<group>"; };
		0E58FFEF9982AE19064EB498 /* CubeSceneView.swift */ = {isa = PBXFileReference; lastKnownFileType = sourcecode.swift; path = CubeSceneView.swift; sourceTree = "<group>"; };
		149AD7FB4216EBA091B703A9 /* CubeColour.swift */ = {isa = PBXFileReference; lastKnownFileType = sourcecode.swift; path = CubeColour.swift; sourceTree = "<group>"; };
		2B4E00C3AA28858792DE38F3 /* Face.swift */ = {isa = PBXFileReference; lastKnownFileType = sourcecode.swift; path = Face.swift; sourceTree = "<group>"; };
		38A7038D38EDDE3F7DA51786 /* SolveView.swift */ = {isa = PBXFileReference; lastKnownFileType = sourcecode.swift; path = SolveView.swift; sourceTree = "<group>"; };
		413DFAFD930F1981D4E42D42 /* CubeFold.swift */ = {isa = PBXFileReference; lastKnownFileType = sourcecode.swift; path = CubeFold.swift; sourceTree = "<group>"; };
		46830E78D947520DF14AA497 /* ScanCoordinator.swift */ = {isa = PBXFileReference; lastKnownFileType = sourcecode.swift; path = ScanCoordinator.swift; sourceTree = "<group>"; };
		476919CD151A40195B54EC07 /* SmartCubeView.swift */ = {isa = PBXFileReference; lastKnownFileType = sourcecode.swift; path = SmartCubeView.swift; sourceTree = "<group>"; };
		5791589441A33837AC678DFA /* SolveSession.swift */ = {isa = PBXFileReference; lastKnownFileType = sourcecode.swift; path = SolveSession.swift; sourceTree = "<group>"; };
		63CF2DD836F6350EEB95E633 /* SolvePlan.swift */ = {isa = PBXFileReference; lastKnownFileType = sourcecode.swift; path = SolvePlan.swift; sourceTree = "<group>"; };
		66D93017330A460C5A222D0E /* ColourClassifier.swift */ = {isa = PBXFileReference; lastKnownFileType = sourcecode.swift; path = ColourClassifier.swift; sourceTree = "<group>"; };
		676163BE5B36C8F86A0A9D11 /* MoveNarration.swift */ = {isa = PBXFileReference; lastKnownFileType = sourcecode.swift; path = MoveNarration.swift; sourceTree = "<group>"; };
		68336AFE4033DAE238A65D20 /* ScanView.swift */ = {isa = PBXFileReference; lastKnownFileType = sourcecode.swift; path = ScanView.swift; sourceTree = "<group>"; };
		6BB5B45E90AD13861C5F082F /* CubeNetView.swift */ = {isa = PBXFileReference; lastKnownFileType = sourcecode.swift; path = CubeNetView.swift; sourceTree = "<group>"; };
		71119818B48348D2BB721841 /* Theme.swift */ = {isa = PBXFileReference; lastKnownFileType = sourcecode.swift; path = Theme.swift; sourceTree = "<group>"; };
		76CE2838A0927B121B9D3AF1 /* GANMessageDecoder.swift */ = {isa = PBXFileReference; lastKnownFileType = sourcecode.swift; path = GANMessageDecoder.swift; sourceTree = "<group>"; };
		7D5A45F0E6DCBAF7B49C6C04 /* Narrator.swift */ = {isa = PBXFileReference; lastKnownFileType = sourcecode.swift; path = Narrator.swift; sourceTree = "<group>"; };
		820301DA70B90E58F884DEB9 /* Info.plist */ = {isa = PBXFileReference; lastKnownFileType = text.plist.xml; path = Info.plist; sourceTree = "<group>"; };
		84E6B692A62E5ABA18A14CC6 /* GANProtocol.swift */ = {isa = PBXFileReference; lastKnownFileType = sourcecode.swift; path = GANProtocol.swift; sourceTree = "<group>"; };
		925DB0C87891C6595AB34587 /* SolverTests.swift */ = {isa = PBXFileReference; lastKnownFileType = sourcecode.swift; path = SolverTests.swift; sourceTree = "<group>"; };
		95E9391C2845E163FEC81558 /* SmartCubeManager.swift */ = {isa = PBXFileReference; lastKnownFileType = sourcecode.swift; path = SmartCubeManager.swift; sourceTree = "<group>"; };
		9851519D3EB6A407A324DD9C /* Vec3.swift */ = {isa = PBXFileReference; lastKnownFileType = sourcecode.swift; path = Vec3.swift; sourceTree = "<group>"; };
		9A594E3A54D5E7A7DEEC8548 /* Move.swift */ = {isa = PBXFileReference; lastKnownFileType = sourcecode.swift; path = Move.swift; sourceTree = "<group>"; };
		A3E2E8C27005A4BAE0777660 /* AppModel.swift */ = {isa = PBXFileReference; lastKnownFileType = sourcecode.swift; path = AppModel.swift; sourceTree = "<group>"; };
		A6BF8EA82D22B0FDD53C446C /* ScanTests.swift */ = {isa = PBXFileReference; lastKnownFileType = sourcecode.swift; path = ScanTests.swift; sourceTree = "<group>"; };
		B16CC27BCF1F5035FD2F10B9 /* NoobCubeApp.swift */ = {isa = PBXFileReference; lastKnownFileType = sourcecode.swift; path = NoobCubeApp.swift; sourceTree = "<group>"; };
		B6CDB6E5D160E013280D3C68 /* NoobCube.app */ = {isa = PBXFileReference; explicitFileType = wrapper.application; includeInIndex = 0; path = NoobCube.app; sourceTree = BUILT_PRODUCTS_DIR; };
		C38FAB8D10784EABD39536D4 /* CubeGeometry.swift */ = {isa = PBXFileReference; lastKnownFileType = sourcecode.swift; path = CubeGeometry.swift; sourceTree = "<group>"; };
		CEB83F5C22B7F2D17748AFB9 /* CubeState.swift */ = {isa = PBXFileReference; lastKnownFileType = sourcecode.swift; path = CubeState.swift; sourceTree = "<group>"; };
		D229CF9C00BAD3B49258385F /* ReadyView.swift */ = {isa = PBXFileReference; lastKnownFileType = sourcecode.swift; path = ReadyView.swift; sourceTree = "<group>"; };
		D713469F5B32ED43EDD0BC4A /* Assets.xcassets */ = {isa = PBXFileReference; lastKnownFileType = folder.assetcatalog; path = Assets.xcassets; sourceTree = "<group>"; };
		D77890BBC4C57F852B1108BD /* RootView.swift */ = {isa = PBXFileReference; lastKnownFileType = sourcecode.swift; path = RootView.swift; sourceTree = "<group>"; };
		D975030C1F0F281F3C3EA195 /* MoveStripView.swift */ = {isa = PBXFileReference; lastKnownFileType = sourcecode.swift; path = MoveStripView.swift; sourceTree = "<group>"; };
		DC2657C05C5AD613137128D9 /* CubeSceneController.swift */ = {isa = PBXFileReference; lastKnownFileType = sourcecode.swift; path = CubeSceneController.swift; sourceTree = "<group>"; };
		DF9A6AC41D172AD267983AC1 /* CubeSlots.swift */ = {isa = PBXFileReference; lastKnownFileType = sourcecode.swift; path = CubeSlots.swift; sourceTree = "<group>"; };
		E02A90D9643568EA39115CFB /* NoobCubeTests.xctest */ = {isa = PBXFileReference; explicitFileType = wrapper.cfbundle; includeInIndex = 0; path = NoobCubeTests.xctest; sourceTree = BUILT_PRODUCTS_DIR; };
		EE00F438A059B494C2BD33DE /* TurnArrow.swift */ = {isa = PBXFileReference; lastKnownFileType = sourcecode.swift; path = TurnArrow.swift; sourceTree = "<group>"; };
		F0212F177FA7DCB719AFA6AF /* CubeEngineTests.swift */ = {isa = PBXFileReference; lastKnownFileType = sourcecode.swift; path = CubeEngineTests.swift; sourceTree = "<group>"; };
		F399168BC23552D0FC060EFF /* CameraController.swift */ = {isa = PBXFileReference; lastKnownFileType = sourcecode.swift; path = CameraController.swift; sourceTree = "<group>"; };
		F59093F1824788EB7311DCFB /* Brand.swift */ = {isa = PBXFileReference; lastKnownFileType = sourcecode.swift; path = Brand.swift; sourceTree = "<group>"; };
		FEB931EE64270630A7A91C1F /* BeginnerSolver.swift */ = {isa = PBXFileReference; lastKnownFileType = sourcecode.swift; path = BeginnerSolver.swift; sourceTree = "<group>"; };
		9599B9215F8DC0FC51A7A95C = {isa = PBXFileReference; lastKnownFileType = sourcecode.swift; path = CubeColourScheme.swift; sourceTree = "<group>"; };
		E1C3AD996FD4FF070A61E079 = {isa = PBXFileReference; lastKnownFileType = sourcecode.swift; path = AlgorithmCardView.swift; sourceTree = "<group>"; };
		B927E8B62A8D208A84979FB6 = {isa = PBXFileReference; lastKnownFileType = sourcecode.swift; path = StageChecklistView.swift; sourceTree = "<group>"; };
		6BEB24798A2D0DEAB288070A = {isa = PBXFileReference; lastKnownFileType = file.ttf; path = "Resources/Fonts/Baloo2.ttf"; sourceTree = "<group>"; };
		2CB8ABBE97ECC7DBA44FEF31 = {isa = PBXFileReference; lastKnownFileType = sourcecode.swift; path = "BrandFont.swift"; sourceTree = "<group>"; };
		6CF8DFCB545CEF3BE984C198 = {isa = PBXFileReference; lastKnownFileType = sourcecode.swift; path = "StageTint.swift"; sourceTree = "<group>"; };
		371793A352BB06B90F08D827 = {isa = PBXFileReference; lastKnownFileType = sourcecode.swift; path = "JourneyArrow.swift"; sourceTree = "<group>"; };
		3D7EDCFB0475A1E69EC17AEE = {isa = PBXFileReference; lastKnownFileType = sourcecode.swift; path = "CubePresence.swift"; sourceTree = "<group>"; };
		77C1F26B91CF691DB5CB5A1B = {isa = PBXFileReference; lastKnownFileType = sourcecode.swift; path = "StepDemoView.swift"; sourceTree = "<group>"; };
/* End PBXFileReference section */

/* Begin PBXFrameworksBuildPhase section */
		F001BC2AF9EB5498B3360756 /* Frameworks */ = {
			isa = PBXFrameworksBuildPhase;
			buildActionMask = 2147483647;
			files = (
			);
			runOnlyForDeploymentPostprocessing = 0;
		};
		F115AF690239BFBFCB7B4DE6 /* Frameworks */ = {
			isa = PBXFrameworksBuildPhase;
			buildActionMask = 2147483647;
			files = (
			);
			runOnlyForDeploymentPostprocessing = 0;
		};
/* End PBXFrameworksBuildPhase section */

/* Begin PBXGroup section */
		26C37DE175383478B8ECAF6F /* Solve */ = {
			isa = PBXGroup;
			children = (
				77C1F26B91CF691DB5CB5A1B,
				B927E8B62A8D208A84979FB6,
				E1C3AD996FD4FF070A61E079,
				D975030C1F0F281F3C3EA195 /* MoveStripView.swift */,
				5791589441A33837AC678DFA /* SolveSession.swift */,
				38A7038D38EDDE3F7DA51786 /* SolveView.swift */,
			);
			path = Solve;
			sourceTree = "<group>";
		};
		378DAF2D8D6091BC8133B2DD /* NoobCubeTests */ = {
			isa = PBXGroup;
			children = (
				F0212F177FA7DCB719AFA6AF /* CubeEngineTests.swift */,
				A6BF8EA82D22B0FDD53C446C /* ScanTests.swift */,
				925DB0C87891C6595AB34587 /* SolverTests.swift */,
			);
			path = NoobCubeTests;
			sourceTree = "<group>";
		};
		3FE09AD2DEA8103ED1C5C2FF /* Scan */ = {
			isa = PBXGroup;
			children = (
				3D7EDCFB0475A1E69EC17AEE,
				F399168BC23552D0FC060EFF /* CameraController.swift */,
				66D93017330A460C5A222D0E /* ColourClassifier.swift */,
				D229CF9C00BAD3B49258385F /* ReadyView.swift */,
				46830E78D947520DF14AA497 /* ScanCoordinator.swift */,
				68336AFE4033DAE238A65D20 /* ScanView.swift */,
			);
			path = Scan;
			sourceTree = "<group>";
		};
		5151B46607EBC8890D8DFCC2 /* Products */ = {
			isa = PBXGroup;
			children = (
				B6CDB6E5D160E013280D3C68 /* NoobCube.app */,
				E02A90D9643568EA39115CFB /* NoobCubeTests.xctest */,
			);
			name = Products;
			sourceTree = "<group>";
		};
		839A155436D47587B58E5E0E /* NoobCube */ = {
			isa = PBXGroup;
			children = (
				6BEB24798A2D0DEAB288070A,
				EE7AB7FF32DB44C2FEC3F1BE /* App */,
				B8D54DD56E1B215ADA9798FF /* Cube3D */,
				C98671680B27A11076D6796E /* CubeKit */,
				3FE09AD2DEA8103ED1C5C2FF /* Scan */,
				B0A5E67D7443F0533B33DB7E /* SmartCube */,
				26C37DE175383478B8ECAF6F /* Solve */,
				D3C2C254791414A783F9D864 /* UI */,
				D713469F5B32ED43EDD0BC4A /* Assets.xcassets */,
				820301DA70B90E58F884DEB9 /* Info.plist */,
			);
			path = NoobCube;
			sourceTree = "<group>";
		};
		9C2EE410B2373AE697E5D9C5 /* Solver */ = {
			isa = PBXGroup;
			children = (
				FEB931EE64270630A7A91C1F /* BeginnerSolver.swift */,
				63CF2DD836F6350EEB95E633 /* SolvePlan.swift */,
			);
			path = Solver;
			sourceTree = "<group>";
		};
		ADCF10F76EBF2A74473E9DC4 = {
			isa = PBXGroup;
			children = (
				839A155436D47587B58E5E0E /* NoobCube */,
				378DAF2D8D6091BC8133B2DD /* NoobCubeTests */,
				5151B46607EBC8890D8DFCC2 /* Products */,
			);
			sourceTree = "<group>";
		};
		B0A5E67D7443F0533B33DB7E /* SmartCube */ = {
			isa = PBXGroup;
			children = (
				76CE2838A0927B121B9D3AF1 /* GANMessageDecoder.swift */,
				84E6B692A62E5ABA18A14CC6 /* GANProtocol.swift */,
				95E9391C2845E163FEC81558 /* SmartCubeManager.swift */,
				476919CD151A40195B54EC07 /* SmartCubeView.swift */,
			);
			path = SmartCube;
			sourceTree = "<group>";
		};
		B8D54DD56E1B215ADA9798FF /* Cube3D */ = {
			isa = PBXGroup;
			children = (
				371793A352BB06B90F08D827,
				413DFAFD930F1981D4E42D42 /* CubeFold.swift */,
				DC2657C05C5AD613137128D9 /* CubeSceneController.swift */,
				0E58FFEF9982AE19064EB498 /* CubeSceneView.swift */,
				EE00F438A059B494C2BD33DE /* TurnArrow.swift */,
			);
			path = Cube3D;
			sourceTree = "<group>";
		};
		C98671680B27A11076D6796E /* CubeKit */ = {
			isa = PBXGroup;
			children = (
				9599B9215F8DC0FC51A7A95C,
				149AD7FB4216EBA091B703A9 /* CubeColour.swift */,
				C38FAB8D10784EABD39536D4 /* CubeGeometry.swift */,
				DF9A6AC41D172AD267983AC1 /* CubeSlots.swift */,
				CEB83F5C22B7F2D17748AFB9 /* CubeState.swift */,
				2B4E00C3AA28858792DE38F3 /* Face.swift */,
				9A594E3A54D5E7A7DEEC8548 /* Move.swift */,
				0CF021E04B0FBA97ED3CF769 /* MoveGeometry.swift */,
				9851519D3EB6A407A324DD9C /* Vec3.swift */,
				9C2EE410B2373AE697E5D9C5 /* Solver */,
			);
			path = CubeKit;
			sourceTree = "<group>";
		};
		D3C2C254791414A783F9D864 /* UI */ = {
			isa = PBXGroup;
			children = (
				6CF8DFCB545CEF3BE984C198,
				2CB8ABBE97ECC7DBA44FEF31,
				F59093F1824788EB7311DCFB /* Brand.swift */,
				6BB5B45E90AD13861C5F082F /* CubeNetView.swift */,
				676163BE5B36C8F86A0A9D11 /* MoveNarration.swift */,
				71119818B48348D2BB721841 /* Theme.swift */,
			);
			path = UI;
			sourceTree = "<group>";
		};
		EE7AB7FF32DB44C2FEC3F1BE /* App */ = {
			isa = PBXGroup;
			children = (
				A3E2E8C27005A4BAE0777660 /* AppModel.swift */,
				7D5A45F0E6DCBAF7B49C6C04 /* Narrator.swift */,
				B16CC27BCF1F5035FD2F10B9 /* NoobCubeApp.swift */,
				D77890BBC4C57F852B1108BD /* RootView.swift */,
			);
			path = App;
			sourceTree = "<group>";
		};
/* End PBXGroup section */

/* Begin PBXNativeTarget section */
		29C7B681C8D62CBAC94D51C0 /* NoobCube */ = {
			isa = PBXNativeTarget;
			buildConfigurationList = 32995943DE67267A65D32CA9 /* Build configuration list for PBXNativeTarget "NoobCube" */;
			buildPhases = (
				8682261519D15BD64A9E5D31 /* Sources */,
				F001BC2AF9EB5498B3360756 /* Frameworks */,
				E28FAD8F60ECDED9B4AD087A /* Resources */,
			);
			buildRules = (
			);
			dependencies = (
			);
			name = NoobCube;
			productName = NoobCube;
			productReference = B6CDB6E5D160E013280D3C68 /* NoobCube.app */;
			productType = "com.apple.product-type.application";
		};
		7EC8F98B7A265120217712DE /* NoobCubeTests */ = {
			isa = PBXNativeTarget;
			buildConfigurationList = 6137A6F58D979B3DA500C290 /* Build configuration list for PBXNativeTarget "NoobCubeTests" */;
			buildPhases = (
				B6F43314D0693B2B792DAE17 /* Sources */,
				F115AF690239BFBFCB7B4DE6 /* Frameworks */,
			);
			buildRules = (
			);
			dependencies = (
				F59E8266325E0BAF0758C1B1 /* PBXTargetDependency */,
			);
			name = NoobCubeTests;
			productName = NoobCubeTests;
			productReference = E02A90D9643568EA39115CFB /* NoobCubeTests.xctest */;
			productType = "com.apple.product-type.bundle.unit-test";
		};
/* End PBXNativeTarget section */

/* Begin PBXProject section */
		98F54143AB4E86B28C3AFEE0 /* Project object */ = {
			isa = PBXProject;
			attributes = {
				BuildIndependentTargetsInParallel = 1;
				LastSwiftUpdateCheck = 1600;
				LastUpgradeCheck = 2650;
				TargetAttributes = {
					29C7B681C8D62CBAC94D51C0 = {
						CreatedOnToolsVersion = 16.0;
					};
					7EC8F98B7A265120217712DE = {
						CreatedOnToolsVersion = 16.0;
						TestTargetID = 29C7B681C8D62CBAC94D51C0;
					};
				};
			};
			buildConfigurationList = 12D04D787E90C9B967248BFD /* Build configuration list for PBXProject "NoobCube" */;
			compatibilityVersion = "Xcode 14.0";
			developmentRegion = en;
			hasScannedForEncodings = 0;
			knownRegions = (
				en,
				Base,
			);
			mainGroup = ADCF10F76EBF2A74473E9DC4;
			productRefGroup = 5151B46607EBC8890D8DFCC2 /* Products */;
			projectDirPath = "";
			projectRoot = "";
			targets = (
				29C7B681C8D62CBAC94D51C0 /* NoobCube */,
				7EC8F98B7A265120217712DE /* NoobCubeTests */,
			);
		};
/* End PBXProject section */

/* Begin PBXResourcesBuildPhase section */
		E28FAD8F60ECDED9B4AD087A /* Resources */ = {
			isa = PBXResourcesBuildPhase;
			buildActionMask = 2147483647;
			files = (
				EEF9AF9EFB0A7A2EB2F9E954,
				0FE0C58EFD59BEA9F814F50A /* Assets.xcassets in Resources */,
			);
			runOnlyForDeploymentPostprocessing = 0;
		};
/* End PBXResourcesBuildPhase section */

/* Begin PBXSourcesBuildPhase section */
		8682261519D15BD64A9E5D31 /* Sources */ = {
			isa = PBXSourcesBuildPhase;
			buildActionMask = 2147483647;
			files = (
				7BEF05C292647D872D265FDB,
				DCD88F911A5534E1D24AA251,
				B86B7592733FD9D7C7686F42,
				19A106E97D3AD1DEA3726B55,
				55BB87842B3FE64420CC6E2A,
				E34560B5AC9B96ACB4259B9E,
				6C2A6A7A38B199E52FFF35B4,
				70BDA317803AFA34F5D07137,
				AF8EEDE82EB1D9118586AF86 /* AppModel.swift in Sources */,
				2B728DF2F9039EFDCCA5089D /* Narrator.swift in Sources */,
				A3F07FF98B085FE302539BA6 /* NoobCubeApp.swift in Sources */,
				57732671802363788CA660A6 /* RootView.swift in Sources */,
				809ED5C34FBAF34B67A397E1 /* CubeFold.swift in Sources */,
				2BA8066DF460168BB4097223 /* CubeSceneController.swift in Sources */,
				89BB3B5CFB731D39C56C9261 /* CubeSceneView.swift in Sources */,
				A4C0A17FB6E7BF9F91F0DA57 /* TurnArrow.swift in Sources */,
				74B08999ACDBAEF67F2DA85C /* CubeColour.swift in Sources */,
				D6A5DDE109CFD9A5F6622B42 /* CubeGeometry.swift in Sources */,
				1B6E4662A102A3A81FC63B71 /* CubeSlots.swift in Sources */,
				F72DA1E42A8341190A0CA93C /* CubeState.swift in Sources */,
				2BE804C6AF83604664BAEB9D /* Face.swift in Sources */,
				5520C985203BA8583BEED5EF /* Move.swift in Sources */,
				B8E9A505B6BBC962D0C857FB /* MoveGeometry.swift in Sources */,
				92E89C7F66F8C8D49AB34512 /* Vec3.swift in Sources */,
				8C3C5F5596FB7BDC5AC74A91 /* BeginnerSolver.swift in Sources */,
				035FE83897F1B5D000524BF5 /* SolvePlan.swift in Sources */,
				21AA4A46195907AB44EFCDC0 /* CameraController.swift in Sources */,
				B2A1AD8721A3D91BED005268 /* ColourClassifier.swift in Sources */,
				944D79816BF6E826C465B073 /* ReadyView.swift in Sources */,
				A61752CD8D85A17847C8D41F /* ScanCoordinator.swift in Sources */,
				DF45075644721EFDB6F4BD0A /* ScanView.swift in Sources */,
				D8F3BDA9C237A6A2F1AC8E70 /* GANMessageDecoder.swift in Sources */,
				22D885D3728B25661522B651 /* GANProtocol.swift in Sources */,
				9BAF7F2543F0DE8D0E9B10CD /* SmartCubeManager.swift in Sources */,
				24AAC608DB84298F797F3761 /* SmartCubeView.swift in Sources */,
				BEC300E94649796F2D254C22 /* MoveStripView.swift in Sources */,
				D9B161FAC0B13799E07BBB32 /* SolveSession.swift in Sources */,
				306DD493E69E23D4D3793260 /* SolveView.swift in Sources */,
				EAD1339D85CC420C44848D88 /* Brand.swift in Sources */,
				5FB73A3B48B8604118F3845B /* CubeNetView.swift in Sources */,
				67F39AC91D3B1D10C20F4BAA /* MoveNarration.swift in Sources */,
				DD978E0946731F10995AE836 /* Theme.swift in Sources */,
			);
			runOnlyForDeploymentPostprocessing = 0;
		};
		B6F43314D0693B2B792DAE17 /* Sources */ = {
			isa = PBXSourcesBuildPhase;
			buildActionMask = 2147483647;
			files = (
				F611560A4F0168608B4E8F2E /* CubeEngineTests.swift in Sources */,
				FC51A77DFFF24D651AB4DB32 /* ScanTests.swift in Sources */,
				9CD1C7B937CA888CF8E20949 /* SolverTests.swift in Sources */,
			);
			runOnlyForDeploymentPostprocessing = 0;
		};
/* End PBXSourcesBuildPhase section */

/* Begin PBXTargetDependency section */
		F59E8266325E0BAF0758C1B1 /* PBXTargetDependency */ = {
			isa = PBXTargetDependency;
			target = 29C7B681C8D62CBAC94D51C0 /* NoobCube */;
			targetProxy = D36D33020B6BB89396BD1B34 /* PBXContainerItemProxy */;
		};
/* End PBXTargetDependency section */

/* Begin XCBuildConfiguration section */
		06B6A15813AE62FDCFE74422 /* Release */ = {
			isa = XCBuildConfiguration;
			buildSettings = {
				ASSETCATALOG_COMPILER_APPICON_NAME = AppIcon;
				ASSETCATALOG_COMPILER_GLOBAL_ACCENT_COLOR_NAME = AccentColor;
				CODE_SIGN_STYLE = Automatic;
				CURRENT_PROJECT_VERSION = 1;
				ENABLE_PREVIEWS = YES;
				GENERATE_INFOPLIST_FILE = NO;
				INFOPLIST_FILE = NoobCube/Info.plist;
				INFOPLIST_KEY_LSApplicationCategoryType = "public.app-category.entertainment";
				MARKETING_VERSION = 1.0;
				PRODUCT_BUNDLE_IDENTIFIER = com.noobcube.app;
				PRODUCT_NAME = "$(TARGET_NAME)";
				SWIFT_EMIT_LOC_STRINGS = YES;
			};
			name = Release;
		};
		0FDEFC4302813C22AF141CA7 /* Debug */ = {
			isa = XCBuildConfiguration;
			buildSettings = {
				BUNDLE_LOADER = "$(TEST_HOST)";
				CODE_SIGN_STYLE = Automatic;
				CURRENT_PROJECT_VERSION = 1;
				GENERATE_INFOPLIST_FILE = YES;
				MARKETING_VERSION = 1.0;
				PRODUCT_BUNDLE_IDENTIFIER = com.noobcube.app.tests;
				PRODUCT_NAME = "$(TARGET_NAME)";
				SWIFT_EMIT_LOC_STRINGS = NO;
				TEST_HOST = "$(BUILT_PRODUCTS_DIR)/NoobCube.app/$(BUNDLE_EXECUTABLE_FOLDER_PATH)/NoobCube";
			};
			name = Debug;
		};
		3C5BC6FE1E438E679FB7F74F /* Release */ = {
			isa = XCBuildConfiguration;
			buildSettings = {
				ALWAYS_SEARCH_USER_PATHS = NO;
				CLANG_ENABLE_MODULES = YES;
				CLANG_ENABLE_OBJC_ARC = YES;
				CLANG_WARN_BLOCK_CAPTURE_AUTORELEASING = YES;
				CLANG_WARN_BOOL_CONVERSION = YES;
				CLANG_WARN_COMMA = YES;
				CLANG_WARN_CONSTANT_CONVERSION = YES;
				CLANG_WARN_DEPRECATED_OBJC_IMPLEMENTATIONS = YES;
				CLANG_WARN_EMPTY_BODY = YES;
				CLANG_WARN_ENUM_CONVERSION = YES;
				CLANG_WARN_INFINITE_RECURSION = YES;
				CLANG_WARN_INT_CONVERSION = YES;
				CLANG_WARN_NON_LITERAL_NULL_CONVERSION = YES;
				CLANG_WARN_OBJC_IMPLICIT_RETAIN_SELF = YES;
				CLANG_WARN_OBJC_LITERAL_CONVERSION = YES;
				CLANG_WARN_QUOTED_INCLUDE_IN_FRAMEWORK_HEADER = YES;
				CLANG_WARN_RANGE_LOOP_ANALYSIS = YES;
				CLANG_WARN_STRICT_PROTOTYPES = YES;
				CLANG_WARN_SUSPICIOUS_MOVE = YES;
				CLANG_WARN_UNREACHABLE_CODE = YES;
				CLANG_WARN__DUPLICATE_METHOD_MATCH = YES;
				COPY_PHASE_STRIP = NO;
				DEBUG_INFORMATION_FORMAT = "dwarf-with-dsym";
				DEVELOPMENT_TEAM = UPF9A27355;
				ENABLE_NS_ASSERTIONS = NO;
				ENABLE_STRICT_OBJC_MSGSEND = YES;
				ENABLE_USER_SCRIPT_SANDBOXING = YES;
				GCC_NO_COMMON_BLOCKS = YES;
				GCC_WARN_64_TO_32_BIT_CONVERSION = YES;
				GCC_WARN_ABOUT_RETURN_TYPE = YES;
				GCC_WARN_UNDECLARED_SELECTOR = YES;
				GCC_WARN_UNINITIALIZED_AUTOS = YES;
				GCC_WARN_UNUSED_FUNCTION = YES;
				GCC_WARN_UNUSED_VARIABLE = YES;
				IPHONEOS_DEPLOYMENT_TARGET = 17.0;
				MTL_ENABLE_DEBUG_INFO = NO;
				SDKROOT = iphoneos;
				STRING_CATALOG_GENERATE_SYMBOLS = YES;
				SWIFT_COMPILATION_MODE = wholemodule;
				SWIFT_VERSION = 5.0;
				TARGETED_DEVICE_FAMILY = "1,2";
				VALIDATE_PRODUCT = YES;
			};
			name = Release;
		};
		73BFC4993D558C2844970A56 /* Debug */ = {
			isa = XCBuildConfiguration;
			buildSettings = {
				ALWAYS_SEARCH_USER_PATHS = NO;
				CLANG_ENABLE_MODULES = YES;
				CLANG_ENABLE_OBJC_ARC = YES;
				CLANG_WARN_BLOCK_CAPTURE_AUTORELEASING = YES;
				CLANG_WARN_BOOL_CONVERSION = YES;
				CLANG_WARN_COMMA = YES;
				CLANG_WARN_CONSTANT_CONVERSION = YES;
				CLANG_WARN_DEPRECATED_OBJC_IMPLEMENTATIONS = YES;
				CLANG_WARN_EMPTY_BODY = YES;
				CLANG_WARN_ENUM_CONVERSION = YES;
				CLANG_WARN_INFINITE_RECURSION = YES;
				CLANG_WARN_INT_CONVERSION = YES;
				CLANG_WARN_NON_LITERAL_NULL_CONVERSION = YES;
				CLANG_WARN_OBJC_IMPLICIT_RETAIN_SELF = YES;
				CLANG_WARN_OBJC_LITERAL_CONVERSION = YES;
				CLANG_WARN_QUOTED_INCLUDE_IN_FRAMEWORK_HEADER = YES;
				CLANG_WARN_RANGE_LOOP_ANALYSIS = YES;
				CLANG_WARN_STRICT_PROTOTYPES = YES;
				CLANG_WARN_SUSPICIOUS_MOVE = YES;
				CLANG_WARN_UNREACHABLE_CODE = YES;
				CLANG_WARN__DUPLICATE_METHOD_MATCH = YES;
				COPY_PHASE_STRIP = NO;
				DEBUG_INFORMATION_FORMAT = dwarf;
				DEVELOPMENT_TEAM = UPF9A27355;
				ENABLE_STRICT_OBJC_MSGSEND = YES;
				ENABLE_TESTABILITY = YES;
				ENABLE_USER_SCRIPT_SANDBOXING = YES;
				GCC_NO_COMMON_BLOCKS = YES;
				GCC_OPTIMIZATION_LEVEL = 0;
				GCC_PREPROCESSOR_DEFINITIONS = (
					"DEBUG=1",
					"$(inherited)",
				);
				GCC_WARN_64_TO_32_BIT_CONVERSION = YES;
				GCC_WARN_ABOUT_RETURN_TYPE = YES;
				GCC_WARN_UNDECLARED_SELECTOR = YES;
				GCC_WARN_UNINITIALIZED_AUTOS = YES;
				GCC_WARN_UNUSED_FUNCTION = YES;
				GCC_WARN_UNUSED_VARIABLE = YES;
				IPHONEOS_DEPLOYMENT_TARGET = 17.0;
				MTL_ENABLE_DEBUG_INFO = INCLUDE_SOURCE;
				ONLY_ACTIVE_ARCH = YES;
				SDKROOT = iphoneos;
				STRING_CATALOG_GENERATE_SYMBOLS = YES;
				SWIFT_ACTIVE_COMPILATION_CONDITIONS = "DEBUG $(inherited)";
				SWIFT_OPTIMIZATION_LEVEL = "-Onone";
				SWIFT_VERSION = 5.0;
				TARGETED_DEVICE_FAMILY = "1,2";
			};
			name = Debug;
		};
		779A6DE1C6EB04ECC0A3779E /* Release */ = {
			isa = XCBuildConfiguration;
			buildSettings = {
				BUNDLE_LOADER = "$(TEST_HOST)";
				CODE_SIGN_STYLE = Automatic;
				CURRENT_PROJECT_VERSION = 1;
				GENERATE_INFOPLIST_FILE = YES;
				MARKETING_VERSION = 1.0;
				PRODUCT_BUNDLE_IDENTIFIER = com.noobcube.app.tests;
				PRODUCT_NAME = "$(TARGET_NAME)";
				SWIFT_EMIT_LOC_STRINGS = NO;
				TEST_HOST = "$(BUILT_PRODUCTS_DIR)/NoobCube.app/$(BUNDLE_EXECUTABLE_FOLDER_PATH)/NoobCube";
			};
			name = Release;
		};
		CC982C4F58FE5F6D2B2680C2 /* Debug */ = {
			isa = XCBuildConfiguration;
			buildSettings = {
				ASSETCATALOG_COMPILER_APPICON_NAME = AppIcon;
				ASSETCATALOG_COMPILER_GLOBAL_ACCENT_COLOR_NAME = AccentColor;
				CODE_SIGN_STYLE = Automatic;
				CURRENT_PROJECT_VERSION = 1;
				ENABLE_PREVIEWS = YES;
				GENERATE_INFOPLIST_FILE = NO;
				INFOPLIST_FILE = NoobCube/Info.plist;
				INFOPLIST_KEY_LSApplicationCategoryType = "public.app-category.entertainment";
				MARKETING_VERSION = 1.0;
				PRODUCT_BUNDLE_IDENTIFIER = com.noobcube.app;
				PRODUCT_NAME = "$(TARGET_NAME)";
				SWIFT_EMIT_LOC_STRINGS = YES;
			};
			name = Debug;
		};
/* End XCBuildConfiguration section */

/* Begin XCConfigurationList section */
		12D04D787E90C9B967248BFD /* Build configuration list for PBXProject "NoobCube" */ = {
			isa = XCConfigurationList;
			buildConfigurations = (
				73BFC4993D558C2844970A56 /* Debug */,
				3C5BC6FE1E438E679FB7F74F /* Release */,
			);
			defaultConfigurationIsVisible = 0;
			defaultConfigurationName = Release;
		};
		32995943DE67267A65D32CA9 /* Build configuration list for PBXNativeTarget "NoobCube" */ = {
			isa = XCConfigurationList;
			buildConfigurations = (
				CC982C4F58FE5F6D2B2680C2 /* Debug */,
				06B6A15813AE62FDCFE74422 /* Release */,
			);
			defaultConfigurationIsVisible = 0;
			defaultConfigurationName = Release;
		};
		6137A6F58D979B3DA500C290 /* Build configuration list for PBXNativeTarget "NoobCubeTests" */ = {
			isa = XCConfigurationList;
			buildConfigurations = (
				0FDEFC4302813C22AF141CA7 /* Debug */,
				779A6DE1C6EB04ECC0A3779E /* Release */,
			);
			defaultConfigurationIsVisible = 0;
			defaultConfigurationName = Release;
		};
/* End XCConfigurationList section */
	};
	rootObject = 98F54143AB4E86B28C3AFEE0 /* Project object */;
}
