// !$*UTF8*$!
{
	archiveVersion = 1;
	classes = {
	};
	objectVersion = 56;
	objects = {
		035FE83897F1B5D000524BF5 = {
			fileRef = 63CF2DD836F6350EEB95E633;
			isa = PBXBuildFile;
		};
		06B6A15813AE62FDCFE74422 = {
			buildSettings = {
				ASSETCATALOG_COMPILER_APPICON_NAME = AppIcon;
				ASSETCATALOG_COMPILER_GLOBAL_ACCENT_COLOR_NAME = AccentColor;
				CODE_SIGN_STYLE = Automatic;
				CURRENT_PROJECT_VERSION = 1;
				ENABLE_PREVIEWS = YES;
				GENERATE_INFOPLIST_FILE = YES;
				INFOPLIST_KEY_CFBundleDisplayName = NoobCube;
				INFOPLIST_KEY_NSBluetoothAlwaysUsageDescription = "NoobCube connects to your smart cube over Bluetooth so it can follow along as you turn it.";
				INFOPLIST_KEY_NSBluetoothPeripheralUsageDescription = "NoobCube connects to your smart cube over Bluetooth so it can follow along as you turn it.";
				INFOPLIST_KEY_NSCameraUsageDescription = "NoobCube uses the camera to look at your Rubik’s cube and work out what colour each sticker is.";
				INFOPLIST_KEY_UIApplicationSceneManifest_Generation = YES;
				INFOPLIST_KEY_UILaunchScreen_Generation = YES;
				INFOPLIST_KEY_UIRequiresFullScreen = YES;
				INFOPLIST_KEY_UIStatusBarHidden = YES;
				INFOPLIST_KEY_UISupportedInterfaceOrientations = UIInterfaceOrientationPortrait;
				INFOPLIST_KEY_UISupportedInterfaceOrientations_iPad = "UIInterfaceOrientationPortrait UIInterfaceOrientationPortraitUpsideDown UIInterfaceOrientationLandscapeLeft UIInterfaceOrientationLandscapeRight";
				MARKETING_VERSION = 1.0;
				PRODUCT_BUNDLE_IDENTIFIER = com.noobcube.app;
				PRODUCT_NAME = "$(TARGET_NAME)";
				SWIFT_EMIT_LOC_STRINGS = YES;
			};
			isa = XCBuildConfiguration;
			name = Release;
		};
		0CF021E04B0FBA97ED3CF769 = {
			isa = PBXFileReference;
			lastKnownFileType = sourcecode.swift;
			path = MoveGeometry.swift;
			sourceTree = "<group>";
		};
		0E58FFEF9982AE19064EB498 = {
			isa = PBXFileReference;
			lastKnownFileType = sourcecode.swift;
			path = CubeSceneView.swift;
			sourceTree = "<group>";
		};
		0FDEFC4302813C22AF141CA7 = {
			buildSettings = {
				BUNDLE_LOADER = "$(TEST_HOST)";
				CODE_SIGN_STYLE = Automatic;
				CURRENT_PROJECT_VERSION = 1;
				GENERATE_INFOPLIST_FILE = YES;
				MARKETING_VERSION = 1.0;
				PRODUCT_BUNDLE_IDENTIFIER = com.noobcube.app.tests;
				PRODUCT_NAME = "$(TARGET_NAME)";
				SWIFT_EMIT_LOC_STRINGS = NO;
				TEST_HOST = "$(BUILT_PRODUCTS_DIR)/NoobCube.app/$(BUNDLE_EXECUTABLE_FOLDER_PATH)/NoobCube";
			};
			isa = XCBuildConfiguration;
			name = Debug;
		};
		0FE0C58EFD59BEA9F814F50A = {
			fileRef = D713469F5B32ED43EDD0BC4A;
			isa = PBXBuildFile;
		};
		12D04D787E90C9B967248BFD = {
			buildConfigurations = (
				73BFC4993D558C2844970A56,
				3C5BC6FE1E438E679FB7F74F,
			);
			defaultConfigurationIsVisible = 0;
			defaultConfigurationName = Release;
			isa = XCConfigurationList;
		};
		149AD7FB4216EBA091B703A9 = {
			isa = PBXFileReference;
			lastKnownFileType = sourcecode.swift;
			path = CubeColour.swift;
			sourceTree = "<group>";
		};
		1B6E4662A102A3A81FC63B71 = {
			fileRef = DF9A6AC41D172AD267983AC1;
			isa = PBXBuildFile;
		};
		21AA4A46195907AB44EFCDC0 = {
			fileRef = F399168BC23552D0FC060EFF;
			isa = PBXBuildFile;
		};
		22D885D3728B25661522B651 = {
			fileRef = 84E6B692A62E5ABA18A14CC6;
			isa = PBXBuildFile;
		};
		24AAC608DB84298F797F3761 = {
			fileRef = 476919CD151A40195B54EC07;
			isa = PBXBuildFile;
		};
		26C37DE175383478B8ECAF6F = {
			children = (
				D975030C1F0F281F3C3EA195,
				5791589441A33837AC678DFA,
				38A7038D38EDDE3F7DA51786,
			);
			isa = PBXGroup;
			path = Solve;
			sourceTree = "<group>";
		};
		29C7B681C8D62CBAC94D51C0 = {
			buildConfigurationList = 32995943DE67267A65D32CA9;
			buildPhases = (
				8682261519D15BD64A9E5D31,
				F001BC2AF9EB5498B3360756,
				E28FAD8F60ECDED9B4AD087A,
			);
			buildRules = (
			);
			dependencies = (
			);
			isa = PBXNativeTarget;
			name = NoobCube;
			productName = NoobCube;
			productReference = B6CDB6E5D160E013280D3C68;
			productType = "com.apple.product-type.application";
		};
		2B4E00C3AA28858792DE38F3 = {
			isa = PBXFileReference;
			lastKnownFileType = sourcecode.swift;
			path = Face.swift;
			sourceTree = "<group>";
		};
		2B728DF2F9039EFDCCA5089D = {
			fileRef = 7D5A45F0E6DCBAF7B49C6C04;
			isa = PBXBuildFile;
		};
		2BA8066DF460168BB4097223 = {
			fileRef = DC2657C05C5AD613137128D9;
			isa = PBXBuildFile;
		};
		2BE804C6AF83604664BAEB9D = {
			fileRef = 2B4E00C3AA28858792DE38F3;
			isa = PBXBuildFile;
		};
		306DD493E69E23D4D3793260 = {
			fileRef = 38A7038D38EDDE3F7DA51786;
			isa = PBXBuildFile;
		};
		32995943DE67267A65D32CA9 = {
			buildConfigurations = (
				CC982C4F58FE5F6D2B2680C2,
				06B6A15813AE62FDCFE74422,
			);
			defaultConfigurationIsVisible = 0;
			defaultConfigurationName = Release;
			isa = XCConfigurationList;
		};
		378DAF2D8D6091BC8133B2DD = {
			children = (
				F0212F177FA7DCB719AFA6AF,
				A6BF8EA82D22B0FDD53C446C,
				925DB0C87891C6595AB34587,
			);
			isa = PBXGroup;
			path = NoobCubeTests;
			sourceTree = "<group>";
		};
		38A7038D38EDDE3F7DA51786 = {
			isa = PBXFileReference;
			lastKnownFileType = sourcecode.swift;
			path = SolveView.swift;
			sourceTree = "<group>";
		};
		3C5BC6FE1E438E679FB7F74F = {
			buildSettings = {
				ALWAYS_SEARCH_USER_PATHS = NO;
				CLANG_ENABLE_MODULES = YES;
				CLANG_ENABLE_OBJC_ARC = YES;
				COPY_PHASE_STRIP = NO;
				DEBUG_INFORMATION_FORMAT = "dwarf-with-dsym";
				ENABLE_NS_ASSERTIONS = NO;
				ENABLE_STRICT_OBJC_MSGSEND = YES;
				ENABLE_USER_SCRIPT_SANDBOXING = YES;
				GCC_NO_COMMON_BLOCKS = YES;
				IPHONEOS_DEPLOYMENT_TARGET = 17.0;
				MTL_ENABLE_DEBUG_INFO = NO;
				SDKROOT = iphoneos;
				SWIFT_COMPILATION_MODE = wholemodule;
				SWIFT_VERSION = 5.0;
				TARGETED_DEVICE_FAMILY = "1,2";
				VALIDATE_PRODUCT = YES;
			};
			isa = XCBuildConfiguration;
			name = Release;
		};
		3FE09AD2DEA8103ED1C5C2FF = {
			children = (
				F399168BC23552D0FC060EFF,
				66D93017330A460C5A222D0E,
				D229CF9C00BAD3B49258385F,
				46830E78D947520DF14AA497,
				68336AFE4033DAE238A65D20,
			);
			isa = PBXGroup;
			path = Scan;
			sourceTree = "<group>";
		};
		413DFAFD930F1981D4E42D42 = {
			isa = PBXFileReference;
			lastKnownFileType = sourcecode.swift;
			path = CubeFold.swift;
			sourceTree = "<group>";
		};
		46830E78D947520DF14AA497 = {
			isa = PBXFileReference;
			lastKnownFileType = sourcecode.swift;
			path = ScanCoordinator.swift;
			sourceTree = "<group>";
		};
		476919CD151A40195B54EC07 = {
			isa = PBXFileReference;
			lastKnownFileType = sourcecode.swift;
			path = SmartCubeView.swift;
			sourceTree = "<group>";
		};
		5151B46607EBC8890D8DFCC2 = {
			children = (
				B6CDB6E5D160E013280D3C68,
				E02A90D9643568EA39115CFB,
			);
			isa = PBXGroup;
			name = Products;
			sourceTree = "<group>";
		};
		5520C985203BA8583BEED5EF = {
			fileRef = 9A594E3A54D5E7A7DEEC8548;
			isa = PBXBuildFile;
		};
		57732671802363788CA660A6 = {
			fileRef = D77890BBC4C57F852B1108BD;
			isa = PBXBuildFile;
		};
		5791589441A33837AC678DFA = {
			isa = PBXFileReference;
			lastKnownFileType = sourcecode.swift;
			path = SolveSession.swift;
			sourceTree = "<group>";
		};
		5FB73A3B48B8604118F3845B = {
			fileRef = 6BB5B45E90AD13861C5F082F;
			isa = PBXBuildFile;
		};
		6137A6F58D979B3DA500C290 = {
			buildConfigurations = (
				0FDEFC4302813C22AF141CA7,
				779A6DE1C6EB04ECC0A3779E,
			);
			defaultConfigurationIsVisible = 0;
			defaultConfigurationName = Release;
			isa = XCConfigurationList;
		};
		63CF2DD836F6350EEB95E633 = {
			isa = PBXFileReference;
			lastKnownFileType = sourcecode.swift;
			path = SolvePlan.swift;
			sourceTree = "<group>";
		};
		66D93017330A460C5A222D0E = {
			isa = PBXFileReference;
			lastKnownFileType = sourcecode.swift;
			path = ColourClassifier.swift;
			sourceTree = "<group>";
		};
		676163BE5B36C8F86A0A9D11 = {
			isa = PBXFileReference;
			lastKnownFileType = sourcecode.swift;
			path = MoveNarration.swift;
			sourceTree = "<group>";
		};
		67F39AC91D3B1D10C20F4BAA = {
			fileRef = 676163BE5B36C8F86A0A9D11;
			isa = PBXBuildFile;
		};
		68336AFE4033DAE238A65D20 = {
			isa = PBXFileReference;
			lastKnownFileType = sourcecode.swift;
			path = ScanView.swift;
			sourceTree = "<group>";
		};
		6BB5B45E90AD13861C5F082F = {
			isa = PBXFileReference;
			lastKnownFileType = sourcecode.swift;
			path = CubeNetView.swift;
			sourceTree = "<group>";
		};
		71119818B48348D2BB721841 = {
			isa = PBXFileReference;
			lastKnownFileType = sourcecode.swift;
			path = Theme.swift;
			sourceTree = "<group>";
		};
		73BFC4993D558C2844970A56 = {
			buildSettings = {
				ALWAYS_SEARCH_USER_PATHS = NO;
				CLANG_ENABLE_MODULES = YES;
				CLANG_ENABLE_OBJC_ARC = YES;
				COPY_PHASE_STRIP = NO;
				DEBUG_INFORMATION_FORMAT = dwarf;
				ENABLE_STRICT_OBJC_MSGSEND = YES;
				ENABLE_TESTABILITY = YES;
				ENABLE_USER_SCRIPT_SANDBOXING = YES;
				GCC_NO_COMMON_BLOCKS = YES;
				GCC_OPTIMIZATION_LEVEL = 0;
				GCC_PREPROCESSOR_DEFINITIONS = (
					"DEBUG=1",
					"$(inherited)",
				);
				IPHONEOS_DEPLOYMENT_TARGET = 17.0;
				MTL_ENABLE_DEBUG_INFO = INCLUDE_SOURCE;
				ONLY_ACTIVE_ARCH = YES;
				SDKROOT = iphoneos;
				SWIFT_ACTIVE_COMPILATION_CONDITIONS = "DEBUG $(inherited)";
				SWIFT_OPTIMIZATION_LEVEL = "-Onone";
				SWIFT_VERSION = 5.0;
				TARGETED_DEVICE_FAMILY = "1,2";
			};
			isa = XCBuildConfiguration;
			name = Debug;
		};
		74B08999ACDBAEF67F2DA85C = {
			fileRef = 149AD7FB4216EBA091B703A9;
			isa = PBXBuildFile;
		};
		76CE2838A0927B121B9D3AF1 = {
			isa = PBXFileReference;
			lastKnownFileType = sourcecode.swift;
			path = GANMessageDecoder.swift;
			sourceTree = "<group>";
		};
		779A6DE1C6EB04ECC0A3779E = {
			buildSettings = {
				BUNDLE_LOADER = "$(TEST_HOST)";
				CODE_SIGN_STYLE = Automatic;
				CURRENT_PROJECT_VERSION = 1;
				GENERATE_INFOPLIST_FILE = YES;
				MARKETING_VERSION = 1.0;
				PRODUCT_BUNDLE_IDENTIFIER = com.noobcube.app.tests;
				PRODUCT_NAME = "$(TARGET_NAME)";
				SWIFT_EMIT_LOC_STRINGS = NO;
				TEST_HOST = "$(BUILT_PRODUCTS_DIR)/NoobCube.app/$(BUNDLE_EXECUTABLE_FOLDER_PATH)/NoobCube";
			};
			isa = XCBuildConfiguration;
			name = Release;
		};
		7D5A45F0E6DCBAF7B49C6C04 = {
			isa = PBXFileReference;
			lastKnownFileType = sourcecode.swift;
			path = Narrator.swift;
			sourceTree = "<group>";
		};
		7EC8F98B7A265120217712DE = {
			buildConfigurationList = 6137A6F58D979B3DA500C290;
			buildPhases = (
				B6F43314D0693B2B792DAE17,
				F115AF690239BFBFCB7B4DE6,
			);
			buildRules = (
			);
			dependencies = (
				F59E8266325E0BAF0758C1B1,
			);
			isa = PBXNativeTarget;
			name = NoobCubeTests;
			productName = NoobCubeTests;
			productReference = E02A90D9643568EA39115CFB;
			productType = "com.apple.product-type.bundle.unit-test";
		};
		809ED5C34FBAF34B67A397E1 = {
			fileRef = 413DFAFD930F1981D4E42D42;
			isa = PBXBuildFile;
		};
		839A155436D47587B58E5E0E = {
			children = (
				EE7AB7FF32DB44C2FEC3F1BE,
				B8D54DD56E1B215ADA9798FF,
				C98671680B27A11076D6796E,
				3FE09AD2DEA8103ED1C5C2FF,
				B0A5E67D7443F0533B33DB7E,
				26C37DE175383478B8ECAF6F,
				D3C2C254791414A783F9D864,
				D713469F5B32ED43EDD0BC4A,
			);
			isa = PBXGroup;
			path = NoobCube;
			sourceTree = "<group>";
		};
		84E6B692A62E5ABA18A14CC6 = {
			isa = PBXFileReference;
			lastKnownFileType = sourcecode.swift;
			path = GANProtocol.swift;
			sourceTree = "<group>";
		};
		8682261519D15BD64A9E5D31 = {
			buildActionMask = 2147483647;
			files = (
				AF8EEDE82EB1D9118586AF86,
				2B728DF2F9039EFDCCA5089D,
				A3F07FF98B085FE302539BA6,
				57732671802363788CA660A6,
				809ED5C34FBAF34B67A397E1,
				2BA8066DF460168BB4097223,
				89BB3B5CFB731D39C56C9261,
				A4C0A17FB6E7BF9F91F0DA57,
				74B08999ACDBAEF67F2DA85C,
				D6A5DDE109CFD9A5F6622B42,
				1B6E4662A102A3A81FC63B71,
				F72DA1E42A8341190A0CA93C,
				2BE804C6AF83604664BAEB9D,
				5520C985203BA8583BEED5EF,
				B8E9A505B6BBC962D0C857FB,
				92E89C7F66F8C8D49AB34512,
				8C3C5F5596FB7BDC5AC74A91,
				035FE83897F1B5D000524BF5,
				21AA4A46195907AB44EFCDC0,
				B2A1AD8721A3D91BED005268,
				944D79816BF6E826C465B073,
				A61752CD8D85A17847C8D41F,
				DF45075644721EFDB6F4BD0A,
				D8F3BDA9C237A6A2F1AC8E70,
				22D885D3728B25661522B651,
				9BAF7F2543F0DE8D0E9B10CD,
				24AAC608DB84298F797F3761,
				BEC300E94649796F2D254C22,
				D9B161FAC0B13799E07BBB32,
				306DD493E69E23D4D3793260,
				5FB73A3B48B8604118F3845B,
				67F39AC91D3B1D10C20F4BAA,
				DD978E0946731F10995AE836,
			);
			isa = PBXSourcesBuildPhase;
			runOnlyForDeploymentPostprocessing = 0;
		};
		89BB3B5CFB731D39C56C9261 = {
			fileRef = 0E58FFEF9982AE19064EB498;
			isa = PBXBuildFile;
		};
		8C3C5F5596FB7BDC5AC74A91 = {
			fileRef = FEB931EE64270630A7A91C1F;
			isa = PBXBuildFile;
		};
		925DB0C87891C6595AB34587 = {
			isa = PBXFileReference;
			lastKnownFileType = sourcecode.swift;
			path = SolverTests.swift;
			sourceTree = "<group>";
		};
		92E89C7F66F8C8D49AB34512 = {
			fileRef = 9851519D3EB6A407A324DD9C;
			isa = PBXBuildFile;
		};
		944D79816BF6E826C465B073 = {
			fileRef = D229CF9C00BAD3B49258385F;
			isa = PBXBuildFile;
		};
		95E9391C2845E163FEC81558 = {
			isa = PBXFileReference;
			lastKnownFileType = sourcecode.swift;
			path = SmartCubeManager.swift;
			sourceTree = "<group>";
		};
		9851519D3EB6A407A324DD9C = {
			isa = PBXFileReference;
			lastKnownFileType = sourcecode.swift;
			path = Vec3.swift;
			sourceTree = "<group>";
		};
		98F54143AB4E86B28C3AFEE0 = {
			attributes = {
				BuildIndependentTargetsInParallel = 1;
				LastSwiftUpdateCheck = 1600;
				LastUpgradeCheck = 1600;
				TargetAttributes = {
					29C7B681C8D62CBAC94D51C0 = {
						CreatedOnToolsVersion = 16.0;
					};
					7EC8F98B7A265120217712DE = {
						CreatedOnToolsVersion = 16.0;
						TestTargetID = 29C7B681C8D62CBAC94D51C0;
					};
				};
			};
			buildConfigurationList = 12D04D787E90C9B967248BFD;
			compatibilityVersion = "Xcode 14.0";
			developmentRegion = en;
			hasScannedForEncodings = 0;
			isa = PBXProject;
			knownRegions = (
				en,
				Base,
			);
			mainGroup = ADCF10F76EBF2A74473E9DC4;
			productRefGroup = 5151B46607EBC8890D8DFCC2;
			projectDirPath = "";
			projectRoot = "";
			targets = (
				29C7B681C8D62CBAC94D51C0,
				7EC8F98B7A265120217712DE,
			);
		};
		9A594E3A54D5E7A7DEEC8548 = {
			isa = PBXFileReference;
			lastKnownFileType = sourcecode.swift;
			path = Move.swift;
			sourceTree = "<group>";
		};
		9BAF7F2543F0DE8D0E9B10CD = {
			fileRef = 95E9391C2845E163FEC81558;
			isa = PBXBuildFile;
		};
		9C2EE410B2373AE697E5D9C5 = {
			children = (
				FEB931EE64270630A7A91C1F,
				63CF2DD836F6350EEB95E633,
			);
			isa = PBXGroup;
			path = Solver;
			sourceTree = "<group>";
		};
		9CD1C7B937CA888CF8E20949 = {
			fileRef = 925DB0C87891C6595AB34587;
			isa = PBXBuildFile;
		};
		A3E2E8C27005A4BAE0777660 = {
			isa = PBXFileReference;
			lastKnownFileType = sourcecode.swift;
			path = AppModel.swift;
			sourceTree = "<group>";
		};
		A3F07FF98B085FE302539BA6 = {
			fileRef = B16CC27BCF1F5035FD2F10B9;
			isa = PBXBuildFile;
		};
		A4C0A17FB6E7BF9F91F0DA57 = {
			fileRef = EE00F438A059B494C2BD33DE;
			isa = PBXBuildFile;
		};
		A61752CD8D85A17847C8D41F = {
			fileRef = 46830E78D947520DF14AA497;
			isa = PBXBuildFile;
		};
		A6BF8EA82D22B0FDD53C446C = {
			isa = PBXFileReference;
			lastKnownFileType = sourcecode.swift;
			path = ScanTests.swift;
			sourceTree = "<group>";
		};
		ADCF10F76EBF2A74473E9DC4 = {
			children = (
				839A155436D47587B58E5E0E,
				378DAF2D8D6091BC8133B2DD,
				5151B46607EBC8890D8DFCC2,
			);
			isa = PBXGroup;
			sourceTree = "<group>";
		};
		AF8EEDE82EB1D9118586AF86 = {
			fileRef = A3E2E8C27005A4BAE0777660;
			isa = PBXBuildFile;
		};
		B0A5E67D7443F0533B33DB7E = {
			children = (
				76CE2838A0927B121B9D3AF1,
				84E6B692A62E5ABA18A14CC6,
				95E9391C2845E163FEC81558,
				476919CD151A40195B54EC07,
			);
			isa = PBXGroup;
			path = SmartCube;
			sourceTree = "<group>";
		};
		B16CC27BCF1F5035FD2F10B9 = {
			isa = PBXFileReference;
			lastKnownFileType = sourcecode.swift;
			path = NoobCubeApp.swift;
			sourceTree = "<group>";
		};
		B2A1AD8721A3D91BED005268 = {
			fileRef = 66D93017330A460C5A222D0E;
			isa = PBXBuildFile;
		};
		B6CDB6E5D160E013280D3C68 = {
			explicitFileType = wrapper.application;
			includeInIndex = 0;
			isa = PBXFileReference;
			path = NoobCube.app;
			sourceTree = BUILT_PRODUCTS_DIR;
		};
		B6F43314D0693B2B792DAE17 = {
			buildActionMask = 2147483647;
			files = (
				F611560A4F0168608B4E8F2E,
				FC51A77DFFF24D651AB4DB32,
				9CD1C7B937CA888CF8E20949,
			);
			isa = PBXSourcesBuildPhase;
			runOnlyForDeploymentPostprocessing = 0;
		};
		B8D54DD56E1B215ADA9798FF = {
			children = (
				413DFAFD930F1981D4E42D42,
				DC2657C05C5AD613137128D9,
				0E58FFEF9982AE19064EB498,
				EE00F438A059B494C2BD33DE,
			);
			isa = PBXGroup;
			path = Cube3D;
			sourceTree = "<group>";
		};
		B8E9A505B6BBC962D0C857FB = {
			fileRef = 0CF021E04B0FBA97ED3CF769;
			isa = PBXBuildFile;
		};
		BEC300E94649796F2D254C22 = {
			fileRef = D975030C1F0F281F3C3EA195;
			isa = PBXBuildFile;
		};
		C38FAB8D10784EABD39536D4 = {
			isa = PBXFileReference;
			lastKnownFileType = sourcecode.swift;
			path = CubeGeometry.swift;
			sourceTree = "<group>";
		};
		C98671680B27A11076D6796E = {
			children = (
				149AD7FB4216EBA091B703A9,
				C38FAB8D10784EABD39536D4,
				DF9A6AC41D172AD267983AC1,
				CEB83F5C22B7F2D17748AFB9,
				2B4E00C3AA28858792DE38F3,
				9A594E3A54D5E7A7DEEC8548,
				0CF021E04B0FBA97ED3CF769,
				9851519D3EB6A407A324DD9C,
				9C2EE410B2373AE697E5D9C5,
			);
			isa = PBXGroup;
			path = CubeKit;
			sourceTree = "<group>";
		};
		CC982C4F58FE5F6D2B2680C2 = {
			buildSettings = {
				ASSETCATALOG_COMPILER_APPICON_NAME = AppIcon;
				ASSETCATALOG_COMPILER_GLOBAL_ACCENT_COLOR_NAME = AccentColor;
				CODE_SIGN_STYLE = Automatic;
				CURRENT_PROJECT_VERSION = 1;
				ENABLE_PREVIEWS = YES;
				GENERATE_INFOPLIST_FILE = YES;
				INFOPLIST_KEY_CFBundleDisplayName = NoobCube;
				INFOPLIST_KEY_NSBluetoothAlwaysUsageDescription = "NoobCube connects to your smart cube over Bluetooth so it can follow along as you turn it.";
				INFOPLIST_KEY_NSBluetoothPeripheralUsageDescription = "NoobCube connects to your smart cube over Bluetooth so it can follow along as you turn it.";
				INFOPLIST_KEY_NSCameraUsageDescription = "NoobCube uses the camera to look at your Rubik’s cube and work out what colour each sticker is.";
				INFOPLIST_KEY_UIApplicationSceneManifest_Generation = YES;
				INFOPLIST_KEY_UILaunchScreen_Generation = YES;
				INFOPLIST_KEY_UIRequiresFullScreen = YES;
				INFOPLIST_KEY_UIStatusBarHidden = YES;
				INFOPLIST_KEY_UISupportedInterfaceOrientations = UIInterfaceOrientationPortrait;
				INFOPLIST_KEY_UISupportedInterfaceOrientations_iPad = "UIInterfaceOrientationPortrait UIInterfaceOrientationPortraitUpsideDown UIInterfaceOrientationLandscapeLeft UIInterfaceOrientationLandscapeRight";
				MARKETING_VERSION = 1.0;
				PRODUCT_BUNDLE_IDENTIFIER = com.noobcube.app;
				PRODUCT_NAME = "$(TARGET_NAME)";
				SWIFT_EMIT_LOC_STRINGS = YES;
			};
			isa = XCBuildConfiguration;
			name = Debug;
		};
		CEB83F5C22B7F2D17748AFB9 = {
			isa = PBXFileReference;
			lastKnownFileType = sourcecode.swift;
			path = CubeState.swift;
			sourceTree = "<group>";
		};
		D229CF9C00BAD3B49258385F = {
			isa = PBXFileReference;
			lastKnownFileType = sourcecode.swift;
			path = ReadyView.swift;
			sourceTree = "<group>";
		};
		D36D33020B6BB89396BD1B34 = {
			containerPortal = 98F54143AB4E86B28C3AFEE0;
			isa = PBXContainerItemProxy;
			proxyType = 1;
			remoteGlobalIDString = 29C7B681C8D62CBAC94D51C0;
			remoteInfo = NoobCube;
		};
		D3C2C254791414A783F9D864 = {
			children = (
				6BB5B45E90AD13861C5F082F,
				676163BE5B36C8F86A0A9D11,
				71119818B48348D2BB721841,
			);
			isa = PBXGroup;
			path = UI;
			sourceTree = "<group>";
		};
		D6A5DDE109CFD9A5F6622B42 = {
			fileRef = C38FAB8D10784EABD39536D4;
			isa = PBXBuildFile;
		};
		D713469F5B32ED43EDD0BC4A = {
			isa = PBXFileReference;
			lastKnownFileType = folder.assetcatalog;
			path = Assets.xcassets;
			sourceTree = "<group>";
		};
		D77890BBC4C57F852B1108BD = {
			isa = PBXFileReference;
			lastKnownFileType = sourcecode.swift;
			path = RootView.swift;
			sourceTree = "<group>";
		};
		D8F3BDA9C237A6A2F1AC8E70 = {
			fileRef = 76CE2838A0927B121B9D3AF1;
			isa = PBXBuildFile;
		};
		D975030C1F0F281F3C3EA195 = {
			isa = PBXFileReference;
			lastKnownFileType = sourcecode.swift;
			path = MoveStripView.swift;
			sourceTree = "<group>";
		};
		D9B161FAC0B13799E07BBB32 = {
			fileRef = 5791589441A33837AC678DFA;
			isa = PBXBuildFile;
		};
		DC2657C05C5AD613137128D9 = {
			isa = PBXFileReference;
			lastKnownFileType = sourcecode.swift;
			path = CubeSceneController.swift;
			sourceTree = "<group>";
		};
		DD978E0946731F10995AE836 = {
			fileRef = 71119818B48348D2BB721841;
			isa = PBXBuildFile;
		};
		DF45075644721EFDB6F4BD0A = {
			fileRef = 68336AFE4033DAE238A65D20;
			isa = PBXBuildFile;
		};
		DF9A6AC41D172AD267983AC1 = {
			isa = PBXFileReference;
			lastKnownFileType = sourcecode.swift;
			path = CubeSlots.swift;
			sourceTree = "<group>";
		};
		E02A90D9643568EA39115CFB = {
			explicitFileType = wrapper.cfbundle;
			includeInIndex = 0;
			isa = PBXFileReference;
			path = NoobCubeTests.xctest;
			sourceTree = BUILT_PRODUCTS_DIR;
		};
		E28FAD8F60ECDED9B4AD087A = {
			buildActionMask = 2147483647;
			files = (
				0FE0C58EFD59BEA9F814F50A,
			);
			isa = PBXResourcesBuildPhase;
			runOnlyForDeploymentPostprocessing = 0;
		};
		EE00F438A059B494C2BD33DE = {
			isa = PBXFileReference;
			lastKnownFileType = sourcecode.swift;
			path = TurnArrow.swift;
			sourceTree = "<group>";
		};
		EE7AB7FF32DB44C2FEC3F1BE = {
			children = (
				A3E2E8C27005A4BAE0777660,
				7D5A45F0E6DCBAF7B49C6C04,
				B16CC27BCF1F5035FD2F10B9,
				D77890BBC4C57F852B1108BD,
			);
			isa = PBXGroup;
			path = App;
			sourceTree = "<group>";
		};
		F001BC2AF9EB5498B3360756 = {
			buildActionMask = 2147483647;
			files = (
			);
			isa = PBXFrameworksBuildPhase;
			runOnlyForDeploymentPostprocessing = 0;
		};
		F0212F177FA7DCB719AFA6AF = {
			isa = PBXFileReference;
			lastKnownFileType = sourcecode.swift;
			path = CubeEngineTests.swift;
			sourceTree = "<group>";
		};
		F115AF690239BFBFCB7B4DE6 = {
			buildActionMask = 2147483647;
			files = (
			);
			isa = PBXFrameworksBuildPhase;
			runOnlyForDeploymentPostprocessing = 0;
		};
		F399168BC23552D0FC060EFF = {
			isa = PBXFileReference;
			lastKnownFileType = sourcecode.swift;
			path = CameraController.swift;
			sourceTree = "<group>";
		};
		F59E8266325E0BAF0758C1B1 = {
			isa = PBXTargetDependency;
			target = 29C7B681C8D62CBAC94D51C0;
			targetProxy = D36D33020B6BB89396BD1B34;
		};
		F611560A4F0168608B4E8F2E = {
			fileRef = F0212F177FA7DCB719AFA6AF;
			isa = PBXBuildFile;
		};
		F72DA1E42A8341190A0CA93C = {
			fileRef = CEB83F5C22B7F2D17748AFB9;
			isa = PBXBuildFile;
		};
		FC51A77DFFF24D651AB4DB32 = {
			fileRef = A6BF8EA82D22B0FDD53C446C;
			isa = PBXBuildFile;
		};
		FEB931EE64270630A7A91C1F = {
			isa = PBXFileReference;
			lastKnownFileType = sourcecode.swift;
			path = BeginnerSolver.swift;
			sourceTree = "<group>";
		};
	};
	rootObject = 98F54143AB4E86B28C3AFEE0;
}
